
Microsoft Visual Studio Solution File, Format Version 12.00
# Visual Studio Version 16
VisualStudioVersion = 16.0.32901.82
MinimumVisualStudioVersion = 10.0.40219.1
Project("{FAE04EC0-301F-11D3-BF4B-00C04F79EFBC}") = "MySoftware", "MySoftware\MySoftware.csproj", "{8454550D-D289-43EB-A2C7-E0998683BCA1}"
EndProject
Global
	GlobalSection(SolutionConfigurationPlatforms) = preSolution
		Debug|Any CPU = Debug|Any CPU
		Release|Any CPU = Release|Any CPU
	EndGlobalSection
	GlobalSection(ProjectConfigurationPlatforms) = postSolution
		{8454550D-D289-43EB-A2C7-E0998683BCA1}.Debug|Any CPU.ActiveCfg = Debug|Any CPU
		{8454550D-D289-43EB-A2C7-E0998683BCA1}.Debug|Any CPU.Build.0 = Debug|Any CPU
		{8454550D-D289-43EB-A2C7-E0998683BCA1}.Release|Any CPU.ActiveCfg = Release|Any CPU
		{8454550D-D289-43EB-A2C7-E0998683BCA1}.Release|Any CPU.Build.0 = Release|Any CPU
	EndGlobalSection
	GlobalSection(SolutionProperties) = preSolution
		HideSolutionNode = FALSE
	EndGlobalSection
	GlobalSection(ExtensibilityGlobals) = postSolution
		SolutionGuid = {E537AF07-E729-414E-9DDC-C8D338CB5266}
	EndGlobalSection
EndGlobal
